// !$*UTF8*$!
{
	archiveVersion = 1;
	classes = {
	};
	objectVersion = 50;
	objects = {

/* Begin PBXBuildFile section */
		28C042E821D17E00000EC968 /* AppDelegate.swift in Sources */ = {isa = PBXBuildFile; fileRef = 28C042E721D17E00000EC968 /* AppDelegate.swift */; };
		28C042EA21D17E00000EC968 /* ViewController.swift in Sources */ = {isa = PBXBuildFile; fileRef = 28C042E921D17E00000EC968 /* ViewController.swift */; };
		28C042ED21D17E00000EC968 /* Main.storyboard in Resources */ = {isa = PBXBuildFile; fileRef = 28C042EB21D17E00000EC968 /* Main.storyboard */; };
		28C042EF21D17E01000EC968 /* Assets.xcassets in Resources */ = {isa = PBXBuildFile; fileRef = 28C042EE21D17E01000EC968 /* Assets.xcassets */; };
		28C042F221D17E01000EC968 /* LaunchScreen.storyboard in Resources */ = {isa = PBXBuildFile; fileRef = 28C042F021D17E01000EC968 /* LaunchScreen.storyboard */; };
		28C042FD21D17E01000EC968 /* WKJSEvalPromiseTests.swift in Sources */ = {isa = PBXBuildFile; fileRef = 28C042FC21D17E01000EC968 /* WKJSEvalPromiseTests.swift */; };
/* End PBXBuildFile section */

/* Begin PBXContainerItemProxy section */
		28C042F921D17E01000EC968 /* PBXContainerItemProxy */ = {
			isa = PBXContainerItemProxy;
			containerPortal = 28C042DC21D17E00000EC968 /* Project object */;
			proxyType = 1;
			remoteGlobalIDString = 28C042E321D17E00000EC968;
			remoteInfo = WKJSEvalPromise;
		};
/* End PBXContainerItemProxy section */

/* Begin PBXFileReference section */
		28C042E421D17E00000EC968 /* WKJSEvalPromise.app */ = {isa = PBXFileReference; explicitFileType = wrapper.application; includeInIndex = 0; path = WKJSEvalPromise.app; sourceTree = BUILT_PRODUCTS_DIR; };
		28C042E721D17E00000EC968 /* AppDelegate.swift */ = {isa = PBXFileReference; lastKnownFileType = sourcecode.swift; path = AppDelegate.swift; sourceTree = "<group>"; };
		28C042E921D17E00000EC968 /* ViewController.swift */ = {isa = PBXFileReference; lastKnownFileType = sourcecode.swift; path = ViewController.swift; sourceTree = "<group>"; };
		28C042EC21D17E00000EC968 /* Base */ = {isa = PBXFileReference; lastKnownFileType = file.storyboard; name = Base; path = Base.lproj/Main.storyboard; sourceTree = "<group>"; };
		28C042EE21D17E01000EC968 /* Assets.xcassets */ = {isa = PBXFileReference; lastKnownFileType = folder.assetcatalog; path = Assets.xcassets; sourceTree = "<group>"; };
		28C042F121D17E01000EC968 /* Base */ = {isa = PBXFileReference; lastKnownFileType = file.storyboard; name = Base; path = Base.lproj/LaunchScreen.storyboard; sourceTree = "<group>"; };
		28C042F321D17E01000EC968 /* Info.plist */ = {isa = PBXFileReference; lastKnownFileType = text.plist.xml; path = Info.plist; sourceTree = "<group>"; };
		28C042F821D17E01000EC968 /* WKJSEvalPromiseTests.xctest */ = {isa = PBXFileReference; explicitFileType = wrapper.cfbundle; includeInIndex = 0; path = WKJSEvalPromiseTests.xctest; sourceTree = BUILT_PRODUCTS_DIR; };
		28C042FC21D17E01000EC968 /* WKJSEvalPromiseTests.swift */ = {isa = PBXFileReference; lastKnownFileType = sourcecode.swift; path = WKJSEvalPromiseTests.swift; sourceTree = "<group>"; };
		28C042FE21D17E01000EC968 /* Info.plist */ = {isa = PBXFileReference; lastKnownFileType = text.plist.xml; path = Info.plist; sourceTree = "<group>"; };
/* End PBXFileReference section */

/* Begin PBXFrameworksBuildPhase section */
		28C042E121D17E00000EC968 /* Frameworks */ = {
			isa = PBXFrameworksBuildPhase;
			buildActionMask = 2147483647;
			files = (
			);
			runOnlyForDeploymentPostprocessing = 0;
		};
		28C042F521D17E01000EC968 /* Frameworks */ = {
			isa = PBXFrameworksBuildPhase;
			buildActionMask = 2147483647;
			files = (
			);
			runOnlyForDeploymentPostprocessing = 0;
		};
/* End PBXFrameworksBuildPhase section */

/* Begin PBXGroup section */
		28C042DB21D17E00000EC968 = {
			isa = PBXGroup;
			children = (
				28C042E621D17E00000EC968 /* WKJSEvalPromise */,
				28C042FB21D17E01000EC968 /* WKJSEvalPromiseTests */,
				28C042E521D17E00000EC968 /* Products */,
			);
			sourceTree = "<group>";
		};
		28C042E521D17E00000EC968 /* Products */ = {
			isa = PBXGroup;
			children = (
				28C042E421D17E00000EC968 /* WKJSEvalPromise.app */,
				28C042F821D17E01000EC968 /* WKJSEvalPromiseTests.xctest */,
			);
			name = Products;
			sourceTree = "<group>";
		};
		28C042E621D17E00000EC968 /* WKJSEvalPromise */ = {
			isa = PBXGroup;
			children = (
				28C042E721D17E00000EC968 /* AppDelegate.swift */,
				28C042E921D17E00000EC968 /* ViewController.swift */,
				28C042EB21D17E00000EC968 /* Main.storyboard */,
				28C042EE21D17E01000EC968 /* Assets.xcassets */,
				28C042F021D17E01000EC968 /* LaunchScreen.storyboard */,
				28C042F321D17E01000EC968 /* Info.plist */,
			);
			path = WKJSEvalPromise;
			sourceTree = "<group>";
		};
		28C042FB21D17E01000EC968 /* WKJSEvalPromiseTests */ = {
			isa = PBXGroup;
			children = (
				28C042FC21D17E01000EC968 /* WKJSEvalPromiseTests.swift */,
				28C042FE21D17E01000EC968 /* Info.plist */,
			);
			path = WKJSEvalPromiseTests;
			sourceTree = "<group>";
		};
/* End PBXGroup section */

/* Begin PBXNativeTarget section */
		28C042E321D17E00000EC968 /* WKJSEvalPromise */ = {
			isa = PBXNativeTarget;
			buildConfigurationList = 28C0430121D17E01000EC968 /* Build configuration list for PBXNativeTarget "WKJSEvalPromise" */;
			buildPhases = (
				28C042E021D17E00000EC968 /* Sources */,
				28C042E121D17E00000EC968 /* Frameworks */,
				28C042E221D17E00000EC968 /* Resources */,
			);
			buildRules = (
			);
			dependencies = (
			);
			name = WKJSEvalPromise;
			productName = WKJSEvalPromise;
			productReference = 28C042E421D17E00000EC968 /* WKJSEvalPromise.app */;
			productType = "com.apple.product-type.application";
		};
		28C042F721D17E01000EC968 /* WKJSEvalPromiseTests */ = {
			isa = PBXNativeTarget;
			buildConfigurationList = 28C0430421D17E01000EC968 /* Build configuration list for PBXNativeTarget "WKJSEvalPromiseTests" */;
			buildPhases = (
				28C042F421D17E01000EC968 /* Sources */,
				28C042F521D17E01000EC968 /* Frameworks */,
				28C042F621D17E01000EC968 /* Resources */,
			);
			buildRules = (
			);
			dependencies = (
				28C042FA21D17E01000EC968 /* PBXTargetDependency */,
			);
			name = WKJSEvalPromiseTests;
			productName = WKJSEvalPromiseTests;
			productReference = 28C042F821D17E01000EC968 /* WKJSEvalPromiseTests.xctest */;
			productType = "com.apple.product-type.bundle.unit-test";
		};
/* End PBXNativeTarget section */

/* Begin PBXProject section */
		28C042DC21D17E00000EC968 /* Project object */ = {
			isa = PBXProject;
			attributes = {
				LastSwiftUpdateCheck = 1000;
				LastUpgradeCheck = 1000;
				ORGANIZATIONNAME = "Ahmed Khalaf";
				TargetAttributes = {
					28C042E321D17E00000EC968 = {
						CreatedOnToolsVersion = 10.0;
					};
					28C042F721D17E01000EC968 = {
						CreatedOnToolsVersion = 10.0;
						TestTargetID = 28C042E321D17E00000EC968;
					};
				};
			};
			buildConfigurationList = 28C042DF21D17E00000EC968 /* Build configuration list for PBXProject "WKJSEvalPromise" */;
			compatibilityVersion = "Xcode 9.3";
			developmentRegion = en;
			hasScannedForEncodings = 0;
			knownRegions = (
				en,
				Base,
			);
			mainGroup = 28C042DB21D17E00000EC968;
			productRefGroup = 28C042E521D17E00000EC968 /* Products */;
			projectDirPath = "";
			projectRoot = "";
			targets = (
				28C042E321D17E00000EC968 /* WKJSEvalPromise */,
				28C042F721D17E01000EC968 /* WKJSEvalPromiseTests */,
			);
		};
/* End PBXProject section */

/* Begin PBXResourcesBuildPhase section */
		28C042E221D17E00000EC968 /* Resources */ = {
			isa = PBXResourcesBuildPhase;
			buildActionMask = 2147483647;
			files = (
				28C042F221D17E01000EC968 /* LaunchScreen.storyboard in Resources */,
				28C042EF21D17E01000EC968 /* Assets.xcassets in Resources */,
				28C042ED21D17E00000EC968 /* Main.storyboard in Resources */,
			);
			runOnlyForDeploymentPostprocessing = 0;
		};
		28C042F621D17E01000EC968 /* Resources */ = {
			isa = PBXResourcesBuildPhase;
			buildActionMask = 2147483647;
			files = (
			);
			runOnlyForDeploymentPostprocessing = 0;
		};
/* End PBXResourcesBuildPhase section */

/* Begin PBXSourcesBuildPhase section */
		28C042E021D17E00000EC968 /* Sources */ = {
			isa = PBXSourcesBuildPhase;
			buildActionMask = 2147483647;
			files = (
				28C042EA21D17E00000EC968 /* ViewController.swift in Sources */,
				28C042E821D17E00000EC968 /* AppDelegate.swift in Sources */,
			);
			runOnlyForDeploymentPostprocessing = 0;
		};
		28C042F421D17E01000EC968 /* Sources */ = {
			isa = PBXSourcesBuildPhase;
			buildActionMask = 2147483647;
			files = (
				28C042FD21D17E01000EC968 /* WKJSEvalPromiseTests.swift in Sources */,
			);
			runOnlyForDeploymentPostprocessing = 0;
		};
/* End PBXSourcesBuildPhase section */

/* Begin PBXTargetDependency section */
		28C042FA21D17E01000EC968 /* PBXTargetDependency */ = {
			isa = PBXTargetDependency;
			target = 28C042E321D17E00000EC968 /* WKJSEvalPromise */;
			targetProxy = 28C042F921D17E01000EC968 /* PBXContainerItemProxy */;
		};
/* End PBXTargetDependency section */

/* Begin PBXVariantGroup section */
		28C042EB21D17E00000EC968 /* Main.storyboard */ = {
			isa = PBXVariantGroup;
			children = (
				28C042EC21D17E00000EC968 /* Base */,
			);
			name = Main.storyboard;
			sourceTree = "<group>";
		};
		28C042F021D17E01000EC968 /* LaunchScreen.storyboard */ = {
			isa = PBXVariantGroup;
			children = (
				28C042F121D17E01000EC968 /* Base */,
			);
			name = LaunchScreen.storyboard;
			sourceTree = "<group>";
		};
/* End PBXVariantGroup section */

/* Begin XCBuildConfiguration section */
		28C042FF21D17E01000EC968 /* Debug */ = {
			isa = XCBuildConfiguration;
			buildSettings = {
				ALWAYS_SEARCH_USER_PATHS = NO;
				CLANG_ANALYZER_NONNULL = YES;
				CLANG_ANALYZER_NUMBER_OBJECT_CONVERSION = YES_AGGRESSIVE;
				CLANG_CXX_LANGUAGE_STANDARD = "gnu++14";
				CLANG_CXX_LIBRARY = "libc++";
				CLANG_ENABLE_MODULES = YES;
				CLANG_ENABLE_OBJC_ARC = YES;
				CLANG_ENABLE_OBJC_WEAK = YES;
				CLANG_WARN_BLOCK_CAPTURE_AUTORELEASING = YES;
				CLANG_WARN_BOOL_CONVERSION = YES;
				CLANG_WARN_COMMA = YES;
				CLANG_WARN_CONSTANT_CONVERSION = YES;
				CLANG_WARN_DEPRECATED_OBJC_IMPLEMENTATIONS = YES;
				CLANG_WARN_DIRECT_OBJC_ISA_USAGE = YES_ERROR;
				CLANG_WARN_DOCUMENTATION_COMMENTS = YES;
				CLANG_WARN_EMPTY_BODY = YES;
				CLANG_WARN_ENUM_CONVERSION = YES;
				CLANG_WARN_INFINITE_RECURSION = YES;
				CLANG_WARN_INT_CONVERSION = YES;
				CLANG_WARN_NON_LITERAL_NULL_CONVERSION = YES;
				CLANG_WARN_OBJC_IMPLICIT_RETAIN_SELF = YES;
				CLANG_WARN_OBJC_LITERAL_CONVERSION = YES;
				CLANG_WARN_OBJC_ROOT_CLASS = YES_ERROR;
				CLANG_WARN_RANGE_LOOP_ANALYSIS = YES;
				CLANG_WARN_STRICT_PROTOTYPES = YES;
				CLANG_WARN_SUSPICIOUS_MOVE = YES;
				CLANG_WARN_UNGUARDED_AVAILABILITY = YES_AGGRESSIVE;
				CLANG_WARN_UNREACHABLE_CODE = YES;
				CLANG_WARN__DUPLICATE_METHOD_MATCH = YES;
				CODE_SIGN_IDENTITY = "iPhone Developer";
				COPY_PHASE_STRIP = NO;
				DEBUG_INFORMATION_FORMAT = dwarf;
				ENABLE_STRICT_OBJC_MSGSEND = YES;
				ENABLE_TESTABILITY = YES;
				GCC_C_LANGUAGE_STANDARD = gnu11;
				GCC_DYNAMIC_NO_PIC = NO;
				GCC_NO_COMMON_BLOCKS = YES;
				GCC_OPTIMIZATION_LEVEL = 0;
				GCC_PREPROCESSOR_DEFINITIONS = (
					"DEBUG=1",
					"$(inherited)",
				);
				GCC_WARN_64_TO_32_BIT_CONVERSION = YES;
				GCC_WARN_ABOUT_RETURN_TYPE = YES_ERROR;
				GCC_WARN_UNDECLARED_SELECTOR = YES;
				GCC_WARN_UNINITIALIZED_AUTOS = YES_AGGRESSIVE;
				GCC_WARN_UNUSED_FUNCTION = YES;
				GCC_WARN_UNUSED_VARIABLE = YES;
				IPHONEOS_DEPLOYMENT_TARGET = 12.0;
				MTL_ENABLE_DEBUG_INFO = INCLUDE_SOURCE;
				MTL_FAST_MATH = YES;
				ONLY_ACTIVE_ARCH = YES;
				SDKROOT = iphoneos;
				SWIFT_ACTIVE_COMPILATION_CONDITIONS = DEBUG;
				SWIFT_OPTIMIZATION_LEVEL = "-Onone";
			};
			name = Debug;
		};
		28C0430021D17E01000EC968 /* Release */ = {
			isa = XCBuildConfiguration;
			buildSettings = {
				ALWAYS_SEARCH_USER_PATHS = NO;
				CLANG_ANALYZER_NONNULL = YES;
				CLANG_ANALYZER_NUMBER_OBJECT_CONVERSION = YES_AGGRESSIVE;
				CLANG_CXX_LANGUAGE_STANDARD = "gnu++14";
				CLANG_CXX_LIBRARY = "libc++";
				CLANG_ENABLE_MODULES = YES;
				CLANG_ENABLE_OBJC_ARC = YES;
				CLANG_ENABLE_OBJC_WEAK = YES;
				CLANG_WARN_BLOCK_CAPTURE_AUTORELEASING = YES;
				CLANG_WARN_BOOL_CONVERSION = YES;
				CLANG_WARN_COMMA = YES;
				CLANG_WARN_CONSTANT_CONVERSION = YES;
				CLANG_WARN_DEPRECATED_OBJC_IMPLEMENTATIONS = YES;
				CLANG_WARN_DIRECT_OBJC_ISA_USAGE = YES_ERROR;
				CLANG_WARN_DOCUMENTATION_COMMENTS = YES;
				CLANG_WARN_EMPTY_BODY = YES;
				CLANG_WARN_ENUM_CONVERSION = YES;
				CLANG_WARN_INFINITE_RECURSION = YES;
				CLANG_WARN_INT_CONVERSION = YES;
				CLANG_WARN_NON_LITERAL_NULL_CONVERSION = YES;
				CLANG_WARN_OBJC_IMPLICIT_RETAIN_SELF = YES;
				CLANG_WARN_OBJC_LITERAL_CONVERSION = YES;
				CLANG_WARN_OBJC_ROOT_CLASS = YES_ERROR;
				CLANG_WARN_RANGE_LOOP_ANALYSIS = YES;
				CLANG_WARN_STRICT_PROTOTYPES = YES;
				CLANG_WARN_SUSPICIOUS_MOVE = YES;
				CLANG_WARN_UNGUARDED_AVAILABILITY = YES_AGGRESSIVE;
				CLANG_WARN_UNREACHABLE_CODE = YES;
				CLANG_WARN__DUPLICATE_METHOD_MATCH = YES;
				CODE_SIGN_IDENTITY = "iPhone Developer";
				COPY_PHASE_STRIP = NO;
				DEBUG_INFORMATION_FORMAT = "dwarf-with-dsym";
				ENABLE_NS_ASSERTIONS = NO;
				ENABLE_STRICT_OBJC_MSGSEND = YES;
				GCC_C_LANGUAGE_STANDARD = gnu11;
				GCC_NO_COMMON_BLOCKS = YES;
				GCC_WARN_64_TO_32_BIT_CONVERSION = YES;
				GCC_WARN_ABOUT_RETURN_TYPE = YES_ERROR;
				GCC_WARN_UNDECLARED_SELECTOR = YES;
				GCC_WARN_UNINITIALIZED_AUTOS = YES_AGGRESSIVE;
				GCC_WARN_UNUSED_FUNCTION = YES;
				GCC_WARN_UNUSED_VARIABLE = YES;
				IPHONEOS_DEPLOYMENT_TARGET = 12.0;
				MTL_ENABLE_DEBUG_INFO = NO;
				MTL_FAST_MATH = YES;
				SDKROOT = iphoneos;
				SWIFT_COMPILATION_MODE = wholemodule;
				SWIFT_OPTIMIZATION_LEVEL = "-O";
				VALIDATE_PRODUCT = YES;
			};
			name = Release;
		};
		28C0430221D17E01000EC968 /* Debug */ = {
			isa = XCBuildConfiguration;
			buildSettings = {
				ASSETCATALOG_COMPILER_APPICON_NAME = AppIcon;
				CODE_SIGN_STYLE = Automatic;
				INFOPLIST_FILE = WKJSEvalPromise/Info.plist;
				LD_RUNPATH_SEARCH_PATHS = (
					"$(inherited)",
					"@executable_path/Frameworks",
				);
				PRODUCT_BUNDLE_IDENTIFIER = AK.WKJSEvalPromise;
				PRODUCT_NAME = "$(TARGET_NAME)";
				SWIFT_VERSION = 4.2;
				TARGETED_DEVICE_FAMILY = "1,2";
			};
			name = Debug;
		};
		28C0430321D17E01000EC968 /* Release */ = {
			isa = XCBuildConfiguration;
			buildSettings = {
				ASSETCATALOG_COMPILER_APPICON_NAME = AppIcon;
				CODE_SIGN_STYLE = Automatic;
				INFOPLIST_FILE = WKJSEvalPromise/Info.plist;
				LD_RUNPATH_SEARCH_PATHS = (
					"$(inherited)",
					"@executable_path/Frameworks",
				);
				PRODUCT_BUNDLE_IDENTIFIER = AK.WKJSEvalPromise;
				PRODUCT_NAME = "$(TARGET_NAME)";
				SWIFT_VERSION = 4.2;
				TARGETED_DEVICE_FAMILY = "1,2";
			};
			name = Release;
		};
		28C0430521D17E01000EC968 /* Debug */ = {
			isa = XCBuildConfiguration;
			buildSettings = {
				ALWAYS_EMBED_SWIFT_STANDARD_LIBRARIES = YES;
				BUNDLE_LOADER = "$(TEST_HOST)";
				CODE_SIGN_STYLE = Automatic;
				INFOPLIST_FILE = WKJSEvalPromiseTests/Info.plist;
				LD_RUNPATH_SEARCH_PATHS = (
					"$(inherited)",
					"@executable_path/Frameworks",
					"@loader_path/Frameworks",
				);
				PRODUCT_BUNDLE_IDENTIFIER = AK.WKJSEvalPromiseTests;
				PRODUCT_NAME = "$(TARGET_NAME)";
				SWIFT_VERSION = 4.2;
				TARGETED_DEVICE_FAMILY = "1,2";
				TEST_HOST = "$(BUILT_PRODUCTS_DIR)/WKJSEvalPromise.app/WKJSEvalPromise";
			};
			name = Debug;
		};
		28C0430621D17E01000EC968 /* Release */ = {
			isa = XCBuildConfiguration;
			buildSettings = {
				ALWAYS_EMBED_SWIFT_STANDARD_LIBRARIES = YES;
				BUNDLE_LOADER = "$(TEST_HOST)";
				CODE_SIGN_STYLE = Automatic;
				INFOPLIST_FILE = WKJSEvalPromiseTests/Info.plist;
				LD_RUNPATH_SEARCH_PATHS = (
					"$(inherited)",
					"@executable_path/Frameworks",
					"@loader_path/Frameworks",
				);
				PRODUCT_BUNDLE_IDENTIFIER = AK.WKJSEvalPromiseTests;
				PRODUCT_NAME = "$(TARGET_NAME)";
				SWIFT_VERSION = 4.2;
				TARGETED_DEVICE_FAMILY = "1,2";
				TEST_HOST = "$(BUILT_PRODUCTS_DIR)/WKJSEvalPromise.app/WKJSEvalPromise";
			};
			name = Release;
		};
/* End XCBuildConfiguration section */

/* Begin XCConfigurationList section */
		28C042DF21D17E00000EC968 /* Build configuration list for PBXProject "WKJSEvalPromise" */ = {
			isa = XCConfigurationList;
			buildConfigurations = (
				28C042FF21D17E01000EC968 /* Debug */,
				28C0430021D17E01000EC968 /* Release */,
			);
			defaultConfigurationIsVisible = 0;
			defaultConfigurationName = Release;
		};
		28C0430121D17E01000EC968 /* Build configuration list for PBXNativeTarget "WKJSEvalPromise" */ = {
			isa = XCConfigurationList;
			buildConfigurations = (
				28C0430221D17E01000EC968 /* Debug */,
				28C0430321D17E01000EC968 /* Release */,
			);
			defaultConfigurationIsVisible = 0;
			defaultConfigurationName = Release;
		};
		28C0430421D17E01000EC968 /* Build configuration list for PBXNativeTarget "WKJSEvalPromiseTests" */ = {
			isa = XCConfigurationList;
			buildConfigurations = (
				28C0430521D17E01000EC968 /* Debug */,
				28C0430621D17E01000EC968 /* Release */,
			);
			defaultConfigurationIsVisible = 0;
			defaultConfigurationName = Release;
		};
/* End XCConfigurationList section */
	};
	rootObject = 28C042DC21D17E00000EC968 /* Project object */;
}
